
Microsoft Visual Studio Solution File, Format Version 12.00
# Visual Studio Version 16
VisualStudioVersion = 16.0.30517.126
MinimumVisualStudioVersion = 10.0.40219.1
Project("{8BC9CEB8-8B4A-11D0-8D11-00A0C91BC942}") = "Single Responsibility Principle", "Single Responsibility Principle\Single Responsibility Principle.vcxproj", "{A476AE12-5228-4B2F-85AF-B94D1E270159}"
EndProject
Global
	GlobalSection(SolutionConfigurationPlatforms) = preSolution
		Debug|x64 = Debug|x64
		Debug|x86 = Debug|x86
		Release|x64 = Release|x64
		Release|x86 = Release|x86
	EndGlobalSection
	GlobalSection(ProjectConfigurationPlatforms) = postSolution
		{A476AE12-5228-4B2F-85AF-B94D1E270159}.Debug|x64.ActiveCfg = Debug|x64
		{A476AE12-5228-4B2F-85AF-B94D1E270159}.Debug|x64.Build.0 = Debug|x64
		{A476AE12-5228-4B2F-85AF-B94D1E270159}.Debug|x86.ActiveCfg = Debug|Win32
		{A476AE12-5228-4B2F-85AF-B94D1E270159}.Debug|x86.Build.0 = Debug|Win32
		{A476AE12-5228-4B2F-85AF-B94D1E270159}.Release|x64.ActiveCfg = Release|x64
		{A476AE12-5228-4B2F-85AF-B94D1E270159}.Release|x64.Build.0 = Release|x64
		{A476AE12-5228-4B2F-85AF-B94D1E270159}.Release|x86.ActiveCfg = Release|Win32
		{A476AE12-5228-4B2F-85AF-B94D1E270159}.Release|x86.Build.0 = Release|Win32
	EndGlobalSection
	GlobalSection(SolutionProperties) = preSolution
		HideSolutionNode = FALSE
	EndGlobalSection
	GlobalSection(ExtensibilityGlobals) = postSolution
		SolutionGuid = {32391364-7ADB-4788-847C-D108D7DD59AF}
	EndGlobalSection
EndGlobal
