
Microsoft Visual Studio Solution File, Format Version 12.00
# Visual Studio Version 16
VisualStudioVersion = 16.0.30320.27
MinimumVisualStudioVersion = 10.0.40219.1
Project("{8BC9CEB8-8B4A-11D0-8D11-00A0C91BC942}") = "LCS(longestCommonSubsequece)", "LCS(longestCommonSubsequece)\LCS(longestCommonSubsequece).vcxproj", "{19043169-C811-4B62-A28F-B9E4E963AB45}"
EndProject
Global
	GlobalSection(SolutionConfigurationPlatforms) = preSolution
		Debug|x64 = Debug|x64
		Debug|x86 = Debug|x86
		Release|x64 = Release|x64
		Release|x86 = Release|x86
	EndGlobalSection
	GlobalSection(ProjectConfigurationPlatforms) = postSolution
		{19043169-C811-4B62-A28F-B9E4E963AB45}.Debug|x64.ActiveCfg = Debug|x64
		{19043169-C811-4B62-A28F-B9E4E963AB45}.Debug|x64.Build.0 = Debug|x64
		{19043169-C811-4B62-A28F-B9E4E963AB45}.Debug|x86.ActiveCfg = Debug|Win32
		{19043169-C811-4B62-A28F-B9E4E963AB45}.Debug|x86.Build.0 = Debug|Win32
		{19043169-C811-4B62-A28F-B9E4E963AB45}.Release|x64.ActiveCfg = Release|x64
		{19043169-C811-4B62-A28F-B9E4E963AB45}.Release|x64.Build.0 = Release|x64
		{19043169-C811-4B62-A28F-B9E4E963AB45}.Release|x86.ActiveCfg = Release|Win32
		{19043169-C811-4B62-A28F-B9E4E963AB45}.Release|x86.Build.0 = Release|Win32
	EndGlobalSection
	GlobalSection(SolutionProperties) = preSolution
		HideSolutionNode = FALSE
	EndGlobalSection
	GlobalSection(ExtensibilityGlobals) = postSolution
		SolutionGuid = {1A3E6AD8-66C8-45B9-9B04-20DB364B804A}
	EndGlobalSection
EndGlobal
