
Microsoft Visual Studio Solution File, Format Version 12.00
# Visual Studio Version 16
VisualStudioVersion = 16.0.30320.27
MinimumVisualStudioVersion = 10.0.40219.1
Project("{8BC9CEB8-8B4A-11D0-8D11-00A0C91BC942}") = "Print Pretty", "Print Pretty\Print Pretty.vcxproj", "{26F9D6EB-EA8D-4385-81BE-1C25027B49BB}"
EndProject
Global
	GlobalSection(SolutionConfigurationPlatforms) = preSolution
		Debug|x64 = Debug|x64
		Debug|x86 = Debug|x86
		Release|x64 = Release|x64
		Release|x86 = Release|x86
	EndGlobalSection
	GlobalSection(ProjectConfigurationPlatforms) = postSolution
		{26F9D6EB-EA8D-4385-81BE-1C25027B49BB}.Debug|x64.ActiveCfg = Debug|x64
		{26F9D6EB-EA8D-4385-81BE-1C25027B49BB}.Debug|x64.Build.0 = Debug|x64
		{26F9D6EB-EA8D-4385-81BE-1C25027B49BB}.Debug|x86.ActiveCfg = Debug|Win32
		{26F9D6EB-EA8D-4385-81BE-1C25027B49BB}.Debug|x86.Build.0 = Debug|Win32
		{26F9D6EB-EA8D-4385-81BE-1C25027B49BB}.Release|x64.ActiveCfg = Release|x64
		{26F9D6EB-EA8D-4385-81BE-1C25027B49BB}.Release|x64.Build.0 = Release|x64
		{26F9D6EB-EA8D-4385-81BE-1C25027B49BB}.Release|x86.ActiveCfg = Release|Win32
		{26F9D6EB-EA8D-4385-81BE-1C25027B49BB}.Release|x86.Build.0 = Release|Win32
	EndGlobalSection
	GlobalSection(SolutionProperties) = preSolution
		HideSolutionNode = FALSE
	EndGlobalSection
	GlobalSection(ExtensibilityGlobals) = postSolution
		SolutionGuid = {C61B43F8-6FAF-4D55-ABDD-F3756C05A04A}
	EndGlobalSection
EndGlobal
