
Microsoft Visual Studio Solution File, Format Version 12.00
# Visual Studio Version 16
VisualStudioVersion = 16.0.30517.126
MinimumVisualStudioVersion = 10.0.40219.1
Project("{8BC9CEB8-8B4A-11D0-8D11-00A0C91BC942}") = "open_close_principle_DesignPattern", "open_close_principle_DesignPattern\open_close_principle_DesignPattern.vcxproj", "{D2DA9AA4-F7EC-45D9-91C6-615311EBB657}"
EndProject
Global
	GlobalSection(SolutionConfigurationPlatforms) = preSolution
		Debug|x64 = Debug|x64
		Debug|x86 = Debug|x86
		Release|x64 = Release|x64
		Release|x86 = Release|x86
	EndGlobalSection
	GlobalSection(ProjectConfigurationPlatforms) = postSolution
		{D2DA9AA4-F7EC-45D9-91C6-615311EBB657}.Debug|x64.ActiveCfg = Debug|x64
		{D2DA9AA4-F7EC-45D9-91C6-615311EBB657}.Debug|x64.Build.0 = Debug|x64
		{D2DA9AA4-F7EC-45D9-91C6-615311EBB657}.Debug|x86.ActiveCfg = Debug|Win32
		{D2DA9AA4-F7EC-45D9-91C6-615311EBB657}.Debug|x86.Build.0 = Debug|Win32
		{D2DA9AA4-F7EC-45D9-91C6-615311EBB657}.Release|x64.ActiveCfg = Release|x64
		{D2DA9AA4-F7EC-45D9-91C6-615311EBB657}.Release|x64.Build.0 = Release|x64
		{D2DA9AA4-F7EC-45D9-91C6-615311EBB657}.Release|x86.ActiveCfg = Release|Win32
		{D2DA9AA4-F7EC-45D9-91C6-615311EBB657}.Release|x86.Build.0 = Release|Win32
	EndGlobalSection
	GlobalSection(SolutionProperties) = preSolution
		HideSolutionNode = FALSE
	EndGlobalSection
	GlobalSection(ExtensibilityGlobals) = postSolution
		SolutionGuid = {DBE60DFF-B173-4EF7-9B6C-52036B43341B}
	EndGlobalSection
EndGlobal
