
Microsoft Visual Studio Solution File, Format Version 12.00
# Visual Studio Version 16
VisualStudioVersion = 16.0.30320.27
MinimumVisualStudioVersion = 10.0.40219.1
Project("{8BC9CEB8-8B4A-11D0-8D11-00A0C91BC942}") = "Hacker_person", "Hacker_person\Hacker_person.vcxproj", "{650B8CF1-298B-4853-98D5-BA5154E85D6B}"
EndProject
Global
	GlobalSection(SolutionConfigurationPlatforms) = preSolution
		Debug|x64 = Debug|x64
		Debug|x86 = Debug|x86
		Release|x64 = Release|x64
		Release|x86 = Release|x86
	EndGlobalSection
	GlobalSection(ProjectConfigurationPlatforms) = postSolution
		{650B8CF1-298B-4853-98D5-BA5154E85D6B}.Debug|x64.ActiveCfg = Debug|x64
		{650B8CF1-298B-4853-98D5-BA5154E85D6B}.Debug|x64.Build.0 = Debug|x64
		{650B8CF1-298B-4853-98D5-BA5154E85D6B}.Debug|x86.ActiveCfg = Debug|Win32
		{650B8CF1-298B-4853-98D5-BA5154E85D6B}.Debug|x86.Build.0 = Debug|Win32
		{650B8CF1-298B-4853-98D5-BA5154E85D6B}.Release|x64.ActiveCfg = Release|x64
		{650B8CF1-298B-4853-98D5-BA5154E85D6B}.Release|x64.Build.0 = Release|x64
		{650B8CF1-298B-4853-98D5-BA5154E85D6B}.Release|x86.ActiveCfg = Release|Win32
		{650B8CF1-298B-4853-98D5-BA5154E85D6B}.Release|x86.Build.0 = Release|Win32
	EndGlobalSection
	GlobalSection(SolutionProperties) = preSolution
		HideSolutionNode = FALSE
	EndGlobalSection
	GlobalSection(ExtensibilityGlobals) = postSolution
		SolutionGuid = {AC1DFE3E-9AAA-4C9E-8466-D5DD54B65A2B}
	EndGlobalSection
EndGlobal
